
Microsoft Visual Studio Solution File, Format Version 12.00
# Visual Studio Version 16
VisualStudioVersion = 16.0.30114.105
MinimumVisualStudioVersion = 10.0.40219.1
Project("{FAE04EC0-301F-11D3-BF4B-00C04F79EFBC}") = "API", "API\API.csproj", "{7416F89A-7C70-4EB0-B338-B35688072F92}"
EndProject
Project("{FAE04EC0-301F-11D3-BF4B-00C04F79EFBC}") = "Core", "Core\Core.csproj", "{15CC5DAB-5762-4FC0-9BE6-116F7C7227A8}"
EndProject
Project("{FAE04EC0-301F-11D3-BF4B-00C04F79EFBC}") = "Infrastructure", "Infrastructure\Infrastructure.csproj", "{0BD6A77F-887C-4855-AE3D-09E5B1D28C98}"
EndProject
Global
	GlobalSection(SolutionConfigurationPlatforms) = preSolution
		Debug|Any CPU = Debug|Any CPU
		Release|Any CPU = Release|Any CPU
	EndGlobalSection
	GlobalSection(SolutionProperties) = preSolution
		HideSolutionNode = FALSE
	EndGlobalSection
	GlobalSection(ProjectConfigurationPlatforms) = postSolution
		{7416F89A-7C70-4EB0-B338-B35688072F92}.Debug|Any CPU.ActiveCfg = Debug|Any CPU
		{7416F89A-7C70-4EB0-B338-B35688072F92}.Debug|Any CPU.Build.0 = Debug|Any CPU
		{7416F89A-7C70-4EB0-B338-B35688072F92}.Release|Any CPU.ActiveCfg = Release|Any CPU
		{7416F89A-7C70-4EB0-B338-B35688072F92}.Release|Any CPU.Build.0 = Release|Any CPU
		{15CC5DAB-5762-4FC0-9BE6-116F7C7227A8}.Debug|Any CPU.ActiveCfg = Debug|Any CPU
		{15CC5DAB-5762-4FC0-9BE6-116F7C7227A8}.Debug|Any CPU.Build.0 = Debug|Any CPU
		{15CC5DAB-5762-4FC0-9BE6-116F7C7227A8}.Release|Any CPU.ActiveCfg = Release|Any CPU
		{15CC5DAB-5762-4FC0-9BE6-116F7C7227A8}.Release|Any CPU.Build.0 = Release|Any CPU
		{0BD6A77F-887C-4855-AE3D-09E5B1D28C98}.Debug|Any CPU.ActiveCfg = Debug|Any CPU
		{0BD6A77F-887C-4855-AE3D-09E5B1D28C98}.Debug|Any CPU.Build.0 = Debug|Any CPU
		{0BD6A77F-887C-4855-AE3D-09E5B1D28C98}.Release|Any CPU.ActiveCfg = Release|Any CPU
		{0BD6A77F-887C-4855-AE3D-09E5B1D28C98}.Release|Any CPU.Build.0 = Release|Any CPU
	EndGlobalSection
EndGlobal
